{
    "_readme": [
        "This file locks the dependencies of your project to a known state",
        "Read more about it at https://getcomposer.org/doc/01-basic-usage.md#composer-lock-the-lock-file",
        "This file is @generated automatically"
    ],
    "hash": "855cd3775942376bd61cfb02bb97e928",
    "content-hash": "8ad819caa7f6464155b454ae3a135b2a",
    "packages": [
        {
            "name": "webdevstudios/cmb2-post-search-field",
            "version": "dev-master",
            "source": {
                "type": "git",
                "url": "https://github.com/WebDevStudios/CMB2-Post-Search-field.git",
                "reference": "50413ef784a4d1cd23e10a54bb036ea473443324"
            },
            "dist": {
                "type": "zip",
                "url": "https://api.github.com/repos/WebDevStudios/CMB2-Post-Search-field/zipball/50413ef784a4d1cd23e10a54bb036ea473443324",
                "reference": "50413ef784a4d1cd23e10a54bb036ea473443324",
                "shasum": ""
            },
            "require": {
                "php": ">5.2.4"
            },
            "suggest": {
                "composer/installers": "~1.0"
            },
            "type": "wordpress-plugin",
            "notification-url": "https://packagist.org/downloads/",
            "license": [
                "GPL-2.0+"
            ],
            "authors": [
                {
                    "name": "WebDevStudios",
                    "email": "contact@webdevstudios.com",
                    "homepage": "https://github.com/WebDevStudios",
                    "role": "Developer"
                }
            ],
            "description": "Custom field for CMB2 which adds a post-search dialog for searching/attaching other post IDs.",
            "homepage": "https://github.com/WebDevStudios/CMB2",
            "keywords": [
                "field",
                "metabox",
                "plugin",
                "search",
                "wordpress"
            ],
            "time": "2016-03-28 02:50:41"
        }
    ],
    "packages-dev": [],
    "aliases": [],
    "minimum-stability": "stable",
    "stability-flags": {
        "webdevstudios/cmb2-post-search-field": 20
    },
    "prefer-stable": false,
    "prefer-lowest": false,
    "platform": {
        "php": ">5.2.4"
    },
    "platform-dev": []
}
